
Microsoft Visual Studio Solution File, Format Version 12.00
# Visual Studio Version 17
VisualStudioVersion = 17.3.32929.385
MinimumVisualStudioVersion = 10.0.40219.1
Project("{FAE04EC0-301F-11D3-BF4B-00C04F79EFBC}") = "AssignmentASE", "AssignmentASE\AssignmentASE.csproj", "{EDA81D46-DAFB-48F1-9E13-C901D75C94C0}"
EndProject
Global
	GlobalSection(SolutionConfigurationPlatforms) = preSolution
		Debug|Any CPU = Debug|Any CPU
		Release|Any CPU = Release|Any CPU
	EndGlobalSection
	GlobalSection(ProjectConfigurationPlatforms) = postSolution
		{EDA81D46-DAFB-48F1-9E13-C901D75C94C0}.Debug|Any CPU.ActiveCfg = Debug|Any CPU
		{EDA81D46-DAFB-48F1-9E13-C901D75C94C0}.Debug|Any CPU.Build.0 = Debug|Any CPU
		{EDA81D46-DAFB-48F1-9E13-C901D75C94C0}.Release|Any CPU.ActiveCfg = Release|Any CPU
		{EDA81D46-DAFB-48F1-9E13-C901D75C94C0}.Release|Any CPU.Build.0 = Release|Any CPU
	EndGlobalSection
	GlobalSection(SolutionProperties) = preSolution
		HideSolutionNode = FALSE
	EndGlobalSection
	GlobalSection(ExtensibilityGlobals) = postSolution
		SolutionGuid = {BD8C8EB6-7E64-4AB5-8EAD-1120CE345225}
	EndGlobalSection
EndGlobal
